PODS:
  - AFNetworking (3.2.1):
    - AFNetworking/NSURLSession (= 3.2.1)
    - AFNetworking/Reachability (= 3.2.1)
    - AFNetworking/Security (= 3.2.1)
    - AFNetworking/Serialization (= 3.2.1)
    - AFNetworking/UIKit (= 3.2.1)
  - AFNetworking/NSURLSession (3.2.1):
    - AFNetworking/Reachability
    - AFNetworking/Security
    - AFNetworking/Serialization
  - AFNetworking/Reachability (3.2.1)
  - AFNetworking/Security (3.2.1)
  - AFNetworking/Serialization (3.2.1)
  - AFNetworking/UIKit (3.2.1):
    - AFNetworking/NSURLSession
  - HRLivingBodyDetection (1.0.3):
    - AFNetworking
    - HRLivingBodyDetection/GHSdkLib (= 1.0.3)
    - HRLivingBodyDetection/ZHSdkLib (= 1.0.3)
    - IQKeyboardManager
    - Masonry
    - MBProgressHUD
    - MJExtension
    - MJRefresh
    - NIMSDK
    - SDWebImage
    - WPAttributedMarkup
  - HRLivingBodyDetection/GHSdkLib (1.0.3):
    - AFNetworking
    - IQKeyboardManager
    - Masonry
    - MBProgressHUD
    - MJExtension
    - MJRefresh
    - NIMSDK
    - SDWebImage
    - WPAttributedMarkup
  - HRLivingBodyDetection/ZHSdkLib (1.0.3):
    - AFNetworking
    - IQKeyboardManager
    - Masonry
    - MBProgressHUD
    - MJExtension
    - MJRefresh
    - NIMSDK
    - SDWebImage
    - WPAttributedMarkup
  - HRSigningContract (1.7.2.0.6)
  - IQKeyboardManager (6.5.6)
  - Masonry (1.1.0)
  - MBProgressHUD (1.2.0)
  - MJExtension (3.2.2)
  - MJRefresh (3.5.0)
  - NIMSDK (7.4.0)
  - SDWebImage (5.8.4):
    - SDWebImage/Core (= 5.8.4)
  - SDWebImage/Core (5.8.4)
  - WPAttributedMarkup (1.0.0)

DEPENDENCIES:
  - HRLivingBodyDetection (from `https://gitee.com/bizhanlu/HRLivingBodyDetection`, tag `1.0.3`)
  - HRSigningContract (from `https://gitee.com/bizhanlu/HRSigningContract.git`, tag `1.7.2.0.6`)

SPEC REPOS:
  trunk:
    - AFNetworking
    - IQKeyboardManager
    - Masonry
    - MBProgressHUD
    - MJExtension
    - MJRefresh
    - NIMSDK
    - SDWebImage
    - WPAttributedMarkup

EXTERNAL SOURCES:
  HRLivingBodyDetection:
    :git: https://gitee.com/bizhanlu/HRLivingBodyDetection
    :tag: 1.0.3
  HRSigningContract:
    :git: https://gitee.com/bizhanlu/HRSigningContract.git
    :tag: 1.7.2.0.6

CHECKOUT OPTIONS:
  HRLivingBodyDetection:
    :git: https://gitee.com/bizhanlu/HRLivingBodyDetection
    :tag: 1.0.3
  HRSigningContract:
    :git: https://gitee.com/bizhanlu/HRSigningContract.git
    :tag: 1.7.2.0.6

SPEC CHECKSUMS:
  AFNetworking: b6f891fdfaed196b46c7a83cf209e09697b94057
  HRLivingBodyDetection: 85713d55b2f9912166fdf4c93451605dc5a50dfa
  HRSigningContract: 8143ccf0bb01953f78dfa5f725f08f852439242b
  IQKeyboardManager: 2a6e97afdafc7becf0cb17a9a8d795e3a980717f
  Masonry: 678fab65091a9290e40e2832a55e7ab731aad201
  MBProgressHUD: 3ee5efcc380f6a79a7cc9b363dd669c5e1ae7406
  MJExtension: d9b9c74cbdeb724c1e9ecbb157b318276e62e876
  MJRefresh: 6afc955813966afb08305477dd7a0d9ad5e79a16
  NIMSDK: 8759a66276dbeb633a62833d96ea57bdb046f611
  SDWebImage: cf6922231e95550934da2ada0f20f2becf2ceba9
  WPAttributedMarkup: eb50878af4ec647d8d2090f721a5cfe7d29c27fe

PODFILE CHECKSUM: 8c853de1b26283f045201f278b0b52272c9de7ce

COCOAPODS: 1.8.4
